// !$*UTF8*$!
{
	archiveVersion = 1;
	classes = {
	};
	objectVersion = 56;
	objects = {

/* Begin PBXBuildFile section */
		A10000000000000000000001 /* VoiceMemoApp.swift in Sources */ = {isa = PBXBuildFile; fileRef = B10000000000000000000001 /* VoiceMemoApp.swift */; };
		A10000000000000000000002 /* JournalModels.swift in Sources */ = {isa = PBXBuildFile; fileRef = B10000000000000000000002 /* JournalModels.swift */; };
		A10000000000000000000003 /* JournalStore.swift in Sources */ = {isa = PBXBuildFile; fileRef = B10000000000000000000003 /* JournalStore.swift */; };
		A10000000000000000000004 /* ReflectionEngine.swift in Sources */ = {isa = PBXBuildFile; fileRef = B10000000000000000000004 /* ReflectionEngine.swift */; };
		A10000000000000000000005 /* AudioRecorder.swift in Sources */ = {isa = PBXBuildFile; fileRef = B10000000000000000000005 /* AudioRecorder.swift */; };
		A10000000000000000000006 /* Components.swift in Sources */ = {isa = PBXBuildFile; fileRef = B10000000000000000000006 /* Components.swift */; };
		A10000000000000000000007 /* RootView.swift in Sources */ = {isa = PBXBuildFile; fileRef = B10000000000000000000007 /* RootView.swift */; };
		A10000000000000000000008 /* JournalView.swift in Sources */ = {isa = PBXBuildFile; fileRef = B10000000000000000000008 /* JournalView.swift */; };
		A10000000000000000000009 /* RecordView.swift in Sources */ = {isa = PBXBuildFile; fileRef = B10000000000000000000009 /* RecordView.swift */; };
		A1000000000000000000000A /* EntryView.swift in Sources */ = {isa = PBXBuildFile; fileRef = B1000000000000000000000A /* EntryView.swift */; };
		A1000000000000000000000B /* ReviewView.swift in Sources */ = {isa = PBXBuildFile; fileRef = B1000000000000000000000B /* ReviewView.swift */; };
		A1000000000000000000000C /* SettingsView.swift in Sources */ = {isa = PBXBuildFile; fileRef = B1000000000000000000000C /* SettingsView.swift */; };
		A1000000000000000000000D /* Assets.xcassets in Resources */ = {isa = PBXBuildFile; fileRef = B1000000000000000000000E /* Assets.xcassets */; };
		A1000000000000000000000E /* RecordingActivityManager.swift in Sources */ = {isa = PBXBuildFile; fileRef = B1000000000000000000000F /* RecordingActivityManager.swift */; };
		A1000000000000000000000F /* RecordingActivityAttributes.swift in Sources */ = {isa = PBXBuildFile; fileRef = B10000000000000000000010 /* RecordingActivityAttributes.swift */; };
		A10000000000000000000010 /* VoiceMemoWidgets.swift in Sources */ = {isa = PBXBuildFile; fileRef = B10000000000000000000011 /* VoiceMemoWidgets.swift */; };
		A10000000000000000000011 /* RecordingActivityAttributes.swift in Sources */ = {isa = PBXBuildFile; fileRef = B10000000000000000000010 /* RecordingActivityAttributes.swift */; };
		A10000000000000000000012 /* VoiceMemoWidgets.appex in Embed App Extensions */ = {isa = PBXBuildFile; fileRef = C10000000000000000000002 /* VoiceMemoWidgets.appex */; settings = {ATTRIBUTES = (RemoveHeadersOnCopy, ); }; };
		A10000000000000000000013 /* PrivacyInfo.xcprivacy in Resources */ = {isa = PBXBuildFile; fileRef = B10000000000000000000013 /* PrivacyInfo.xcprivacy */; };
		A10000000000000000000014 /* EntryLocationCapture.swift in Sources */ = {isa = PBXBuildFile; fileRef = B10000000000000000000014 /* EntryLocationCapture.swift */; };
		A10000000000000000000015 /* ICloudDriveMirror.swift in Sources */ = {isa = PBXBuildFile; fileRef = B10000000000000000000015 /* ICloudDriveMirror.swift */; };
		A10000000000000000000016 /* AudioPlayback.swift in Sources */ = {isa = PBXBuildFile; fileRef = B10000000000000000000017 /* AudioPlayback.swift */; };
		A10000000000000000000017 /* CalendarSync.swift in Sources */ = {isa = PBXBuildFile; fileRef = B10000000000000000000018 /* CalendarSync.swift */; };
		A10000000000000000000018 /* ReminderModels.swift in Sources */ = {isa = PBXBuildFile; fileRef = B10000000000000000000019 /* ReminderModels.swift */; };
		A10000000000000000000019 /* ReminderEngine.swift in Sources */ = {isa = PBXBuildFile; fileRef = B1000000000000000000001A /* ReminderEngine.swift */; };
		A1000000000000000000001A /* ReminderFeedbackView.swift in Sources */ = {isa = PBXBuildFile; fileRef = B1000000000000000000001B /* ReminderFeedbackView.swift */; };
		A1000000000000000000001B /* ReminderActivityManager.swift in Sources */ = {isa = PBXBuildFile; fileRef = B1000000000000000000001C /* ReminderActivityManager.swift */; };
		A1000000000000000000001C /* ReminderActivityAttributes.swift in Sources */ = {isa = PBXBuildFile; fileRef = B1000000000000000000001D /* ReminderActivityAttributes.swift */; };
		A1000000000000000000001D /* ReminderActivityAttributes.swift in Sources */ = {isa = PBXBuildFile; fileRef = B1000000000000000000001D /* ReminderActivityAttributes.swift */; };
		A1000000000000000000001E /* ReminderBenchmark.swift in Sources */ = {isa = PBXBuildFile; fileRef = B1000000000000000000001E /* ReminderBenchmark.swift */; };
		A1000000000000000000001F /* ReminderBenchmarkCases.swift in Sources */ = {isa = PBXBuildFile; fileRef = B1000000000000000000001F /* ReminderBenchmarkCases.swift */; };
		A10000000000000000000020 /* ReminderBenchmarkView.swift in Sources */ = {isa = PBXBuildFile; fileRef = B10000000000000000000020 /* ReminderBenchmarkView.swift */; };
		A10000000000000000000021 /* LocationModels.swift in Sources */ = {isa = PBXBuildFile; fileRef = B10000000000000000000021 /* LocationModels.swift */; };
		A10000000000000000000022 /* MapLocationSearch.swift in Sources */ = {isa = PBXBuildFile; fileRef = B10000000000000000000022 /* MapLocationSearch.swift */; };
		A10000000000000000000023 /* LocationContractChecks.swift in Sources */ = {isa = PBXBuildFile; fileRef = B10000000000000000000023 /* LocationContractChecks.swift */; };
		A10000000000000000000025 /* LocalModelProbe.swift in Sources */ = {isa = PBXBuildFile; fileRef = B10000000000000000000025 /* LocalModelProbe.swift */; };
		A10000000000000000000026 /* RecordingSession.swift in Sources */ = {isa = PBXBuildFile; fileRef = B10000000000000000000026 /* RecordingSession.swift */; };
		A10000000000000000000027 /* RecordingContractChecks.swift in Sources */ = {isa = PBXBuildFile; fileRef = B10000000000000000000027 /* RecordingContractChecks.swift */; };
		A10000000000000000000028 /* AudioSessionController.swift in Sources */ = {isa = PBXBuildFile; fileRef = B10000000000000000000028 /* AudioSessionController.swift */; };
		A10000000000000000000029 /* PlaybackContractChecks.swift in Sources */ = {isa = PBXBuildFile; fileRef = B10000000000000000000029 /* PlaybackContractChecks.swift */; };
		A1000000000000000000002A /* JournalRepository.swift in Sources */ = {isa = PBXBuildFile; fileRef = B1000000000000000000002A /* JournalRepository.swift */; };
		A1000000000000000000002B /* StorageContractChecks.swift in Sources */ = {isa = PBXBuildFile; fileRef = B1000000000000000000002B /* StorageContractChecks.swift */; };
		A1000000000000000000002C /* AudioFinalizer.swift in Sources */ = {isa = PBXBuildFile; fileRef = B1000000000000000000002C /* AudioFinalizer.swift */; };
		A1000000000000000000002D /* AudioFinalizationContractChecks.swift in Sources */ = {isa = PBXBuildFile; fileRef = B1000000000000000000002D /* AudioFinalizationContractChecks.swift */; };
		A1000000000000000000002E /* EntryProcessing.swift in Sources */ = {isa = PBXBuildFile; fileRef = B1000000000000000000002E /* EntryProcessing.swift */; };
		A1000000000000000000002F /* TranscriptionContractChecks.swift in Sources */ = {isa = PBXBuildFile; fileRef = B1000000000000000000002F /* TranscriptionContractChecks.swift */; };
		A10000000000000000000030 /* ModelOutcomeContractChecks.swift in Sources */ = {isa = PBXBuildFile; fileRef = B10000000000000000000030 /* ModelOutcomeContractChecks.swift */; };
		A10000000000000000000031 /* ProcessingWorkerContractChecks.swift in Sources */ = {isa = PBXBuildFile; fileRef = B10000000000000000000031 /* ProcessingWorkerContractChecks.swift */; };
		A10000000000000000000032 /* ProcessingRepositoryContractChecks.swift in Sources */ = {isa = PBXBuildFile; fileRef = B10000000000000000000032 /* ProcessingRepositoryContractChecks.swift */; };
		A10000000000000000000033 /* ServiceAdmission.swift in Sources */ = {isa = PBXBuildFile; fileRef = B10000000000000000000033 /* ServiceAdmission.swift */; };
		A10000000000000000000034 /* ServiceAdmissionContractChecks.swift in Sources */ = {isa = PBXBuildFile; fileRef = B10000000000000000000034 /* ServiceAdmissionContractChecks.swift */; };
		A10000000000000000000035 /* ProcessingReliabilityContractChecks.swift in Sources */ = {isa = PBXBuildFile; fileRef = B10000000000000000000035 /* ProcessingReliabilityContractChecks.swift */; };
		A10000000000000000000036 /* ReminderSchedulingContractChecks.swift in Sources */ = {isa = PBXBuildFile; fileRef = B10000000000000000000036 /* ReminderSchedulingContractChecks.swift */; };
		A10000000000000000000037 /* ReminderSourceRepositoryContractChecks.swift in Sources */ = {isa = PBXBuildFile; fileRef = B10000000000000000000037 /* ReminderSourceRepositoryContractChecks.swift */; };
		A10000000000000000000038 /* ReminderActivityContractChecks.swift in Sources */ = {isa = PBXBuildFile; fileRef = B10000000000000000000038 /* ReminderActivityContractChecks.swift */; };
		A10000000000000000000039 /* ICloudMirrorContractChecks.swift in Sources */ = {isa = PBXBuildFile; fileRef = B10000000000000000000039 /* ICloudMirrorContractChecks.swift */; };
		A1000000000000000000003A /* ICloudStoreContractChecks.swift in Sources */ = {isa = PBXBuildFile; fileRef = B1000000000000000000003A /* ICloudStoreContractChecks.swift */; };
		A1000000000000000000003B /* CloudState.swift in Sources */ = {isa = PBXBuildFile; fileRef = B1000000000000000000003B /* CloudState.swift */; };
		A1000000000000000000003C /* ConfigurationRepository.swift in Sources */ = {isa = PBXBuildFile; fileRef = B1000000000000000000003C /* ConfigurationRepository.swift */; };
		A1000000000000000000003D /* CloudServices.swift in Sources */ = {isa = PBXBuildFile; fileRef = B1000000000000000000003D /* CloudServices.swift */; };
		A1000000000000000000003E /* CloudFileAccess.swift in Sources */ = {isa = PBXBuildFile; fileRef = B1000000000000000000003E /* CloudFileAccess.swift */; };
		A1000000000000000000003F /* CloudProvider.swift in Sources */ = {isa = PBXBuildFile; fileRef = B1000000000000000000003F /* CloudProvider.swift */; };
		A10000000000000000000040 /* CloudStateContractChecks.swift in Sources */ = {isa = PBXBuildFile; fileRef = B10000000000000000000040 /* CloudStateContractChecks.swift */; };
		A10000000000000000000041 /* CloudFileAccessContractChecks.swift in Sources */ = {isa = PBXBuildFile; fileRef = B10000000000000000000041 /* CloudFileAccessContractChecks.swift */; };
		A10000000000000000000042 /* ICloudProviderContractChecks.swift in Sources */ = {isa = PBXBuildFile; fileRef = B10000000000000000000042 /* ICloudProviderContractChecks.swift */; };
		A10000000000000000000043 /* CloudStoreReliabilityContractChecks.swift in Sources */ = {isa = PBXBuildFile; fileRef = B10000000000000000000043 /* CloudStoreReliabilityContractChecks.swift */; };
		A10000000000000000000044 /* WaveformCache.swift in Sources */ = {isa = PBXBuildFile; fileRef = B10000000000000000000044 /* WaveformCache.swift */; };
		A10000000000000000000045 /* WaveformDecoderContractChecks.swift in Sources */ = {isa = PBXBuildFile; fileRef = B10000000000000000000045 /* WaveformDecoderContractChecks.swift */; };
		A10000000000000000000046 /* PlaybackWaveformContractChecks.swift in Sources */ = {isa = PBXBuildFile; fileRef = B10000000000000000000046 /* PlaybackWaveformContractChecks.swift */; };
		A10000000000000000000047 /* ModelContextBudget.swift in Sources */ = {isa = PBXBuildFile; fileRef = B10000000000000000000047 /* ModelContextBudget.swift */; };
		A10000000000000000000048 /* ModelContextContractChecks.swift in Sources */ = {isa = PBXBuildFile; fileRef = B10000000000000000000048 /* ModelContextContractChecks.swift */; };
		A10000000000000000000049 /* ReflectionContextContractChecks.swift in Sources */ = {isa = PBXBuildFile; fileRef = B10000000000000000000049 /* ReflectionContextContractChecks.swift */; };
		A1000000000000000000004A /* ReminderContextContractChecks.swift in Sources */ = {isa = PBXBuildFile; fileRef = B1000000000000000000004A /* ReminderContextContractChecks.swift */; };
		A1000000000000000000004B /* ReminderIdentity.swift in Sources */ = {isa = PBXBuildFile; fileRef = B1000000000000000000004B /* ReminderIdentity.swift */; };
		A1000000000000000000004C /* ReminderIdentityContractChecks.swift in Sources */ = {isa = PBXBuildFile; fileRef = B1000000000000000000004C /* ReminderIdentityContractChecks.swift */; };
		A1000000000000000000004D /* ReminderValidityContractChecks.swift in Sources */ = {isa = PBXBuildFile; fileRef = B1000000000000000000004D /* ReminderValidityContractChecks.swift */; };
		A1000000000000000000004E /* ReminderExactTargetContractChecks.swift in Sources */ = {isa = PBXBuildFile; fileRef = B1000000000000000000004E /* ReminderExactTargetContractChecks.swift */; };
		A1000000000000000000004F /* ReminderBackfillContractChecks.swift in Sources */ = {isa = PBXBuildFile; fileRef = B1000000000000000000004F /* ReminderBackfillContractChecks.swift */; };
		A10000000000000000000050 /* ReminderDeliveryContractChecks.swift in Sources */ = {isa = PBXBuildFile; fileRef = B10000000000000000000050 /* ReminderDeliveryContractChecks.swift */; };
		A10000000000000000000051 /* ReminderPresentationContractChecks.swift in Sources */ = {isa = PBXBuildFile; fileRef = B10000000000000000000051 /* ReminderPresentationContractChecks.swift */; };
		A10000000000000000000053 /* RecordingPresentationContractChecks.swift in Sources */ = {isa = PBXBuildFile; fileRef = B10000000000000000000053 /* RecordingPresentationContractChecks.swift */; };
		A10000000000000000000052 /* RecordingActivityContractChecks.swift in Sources */ = {isa = PBXBuildFile; fileRef = B10000000000000000000052 /* RecordingActivityContractChecks.swift */; };
/* End PBXBuildFile section */

/* Begin PBXContainerItemProxy section */
		L10000000000000000000001 /* PBXContainerItemProxy */ = {
			isa = PBXContainerItemProxy;
			containerPortal = J10000000000000000000001 /* Project object */;
			proxyType = 1;
			remoteGlobalIDString = F10000000000000000000002;
			remoteInfo = VoiceMemoWidgets;
		};
/* End PBXContainerItemProxy section */

/* Begin PBXCopyFilesBuildPhase section */
		M10000000000000000000001 /* Embed App Extensions */ = {
			isa = PBXCopyFilesBuildPhase;
			buildActionMask = 2147483647;
			dstPath = "";
			dstSubfolderSpec = 13;
			files = (
				A10000000000000000000012 /* VoiceMemoWidgets.appex in Embed App Extensions */,
			);
			name = "Embed App Extensions";
			runOnlyForDeploymentPostprocessing = 0;
		};
/* End PBXCopyFilesBuildPhase section */

/* Begin PBXFileReference section */
		B10000000000000000000001 /* VoiceMemoApp.swift */ = {isa = PBXFileReference; lastKnownFileType = sourcecode.swift; path = VoiceMemoApp.swift; sourceTree = "<group>"; };
		B10000000000000000000002 /* JournalModels.swift */ = {isa = PBXFileReference; lastKnownFileType = sourcecode.swift; path = JournalModels.swift; sourceTree = "<group>"; };
		B10000000000000000000003 /* JournalStore.swift */ = {isa = PBXFileReference; lastKnownFileType = sourcecode.swift; path = JournalStore.swift; sourceTree = "<group>"; };
		B10000000000000000000004 /* ReflectionEngine.swift */ = {isa = PBXFileReference; lastKnownFileType = sourcecode.swift; path = ReflectionEngine.swift; sourceTree = "<group>"; };
		B10000000000000000000005 /* AudioRecorder.swift */ = {isa = PBXFileReference; lastKnownFileType = sourcecode.swift; path = AudioRecorder.swift; sourceTree = "<group>"; };
		B10000000000000000000006 /* Components.swift */ = {isa = PBXFileReference; lastKnownFileType = sourcecode.swift; path = Components.swift; sourceTree = "<group>"; };
		B10000000000000000000007 /* RootView.swift */ = {isa = PBXFileReference; lastKnownFileType = sourcecode.swift; path = RootView.swift; sourceTree = "<group>"; };
		B10000000000000000000008 /* JournalView.swift */ = {isa = PBXFileReference; lastKnownFileType = sourcecode.swift; path = JournalView.swift; sourceTree = "<group>"; };
		B10000000000000000000009 /* RecordView.swift */ = {isa = PBXFileReference; lastKnownFileType = sourcecode.swift; path = RecordView.swift; sourceTree = "<group>"; };
		B1000000000000000000000A /* EntryView.swift */ = {isa = PBXFileReference; lastKnownFileType = sourcecode.swift; path = EntryView.swift; sourceTree = "<group>"; };
		B1000000000000000000000B /* ReviewView.swift */ = {isa = PBXFileReference; lastKnownFileType = sourcecode.swift; path = ReviewView.swift; sourceTree = "<group>"; };
		B1000000000000000000000C /* SettingsView.swift */ = {isa = PBXFileReference; lastKnownFileType = sourcecode.swift; path = SettingsView.swift; sourceTree = "<group>"; };
		B1000000000000000000000D /* Info.plist */ = {isa = PBXFileReference; lastKnownFileType = text.plist.xml; path = Info.plist; sourceTree = "<group>"; };
		B1000000000000000000000E /* Assets.xcassets */ = {isa = PBXFileReference; lastKnownFileType = folder.assetcatalog; path = Assets.xcassets; sourceTree = "<group>"; };
		B1000000000000000000000F /* RecordingActivityManager.swift */ = {isa = PBXFileReference; lastKnownFileType = sourcecode.swift; path = RecordingActivityManager.swift; sourceTree = "<group>"; };
		B10000000000000000000010 /* RecordingActivityAttributes.swift */ = {isa = PBXFileReference; lastKnownFileType = sourcecode.swift; path = RecordingActivityAttributes.swift; sourceTree = "<group>"; };
		B10000000000000000000011 /* VoiceMemoWidgets.swift */ = {isa = PBXFileReference; lastKnownFileType = sourcecode.swift; path = VoiceMemoWidgets.swift; sourceTree = "<group>"; };
		B10000000000000000000012 /* Info.plist */ = {isa = PBXFileReference; lastKnownFileType = text.plist.xml; path = Info.plist; sourceTree = "<group>"; };
		B10000000000000000000013 /* PrivacyInfo.xcprivacy */ = {isa = PBXFileReference; lastKnownFileType = text.xml; path = PrivacyInfo.xcprivacy; sourceTree = "<group>"; };
		B10000000000000000000014 /* EntryLocationCapture.swift */ = {isa = PBXFileReference; lastKnownFileType = sourcecode.swift; path = EntryLocationCapture.swift; sourceTree = "<group>"; };
		B10000000000000000000015 /* ICloudDriveMirror.swift */ = {isa = PBXFileReference; lastKnownFileType = sourcecode.swift; path = ICloudDriveMirror.swift; sourceTree = "<group>"; };
		B10000000000000000000016 /* MyVoiceMemo.entitlements */ = {isa = PBXFileReference; lastKnownFileType = text.plist.entitlements; path = MyVoiceMemo.entitlements; sourceTree = "<group>"; };
		B10000000000000000000017 /* AudioPlayback.swift */ = {isa = PBXFileReference; lastKnownFileType = sourcecode.swift; path = AudioPlayback.swift; sourceTree = "<group>"; };
		B10000000000000000000018 /* CalendarSync.swift */ = {isa = PBXFileReference; lastKnownFileType = sourcecode.swift; path = CalendarSync.swift; sourceTree = "<group>"; };
		B10000000000000000000019 /* ReminderModels.swift */ = {isa = PBXFileReference; lastKnownFileType = sourcecode.swift; path = ReminderModels.swift; sourceTree = "<group>"; };
		B1000000000000000000001A /* ReminderEngine.swift */ = {isa = PBXFileReference; lastKnownFileType = sourcecode.swift; path = ReminderEngine.swift; sourceTree = "<group>"; };
		B1000000000000000000001B /* ReminderFeedbackView.swift */ = {isa = PBXFileReference; lastKnownFileType = sourcecode.swift; path = ReminderFeedbackView.swift; sourceTree = "<group>"; };
		B1000000000000000000001C /* ReminderActivityManager.swift */ = {isa = PBXFileReference; lastKnownFileType = sourcecode.swift; path = ReminderActivityManager.swift; sourceTree = "<group>"; };
		B1000000000000000000001D /* ReminderActivityAttributes.swift */ = {isa = PBXFileReference; lastKnownFileType = sourcecode.swift; path = ReminderActivityAttributes.swift; sourceTree = "<group>"; };
		B1000000000000000000001E /* ReminderBenchmark.swift */ = {isa = PBXFileReference; lastKnownFileType = sourcecode.swift; path = ReminderBenchmark.swift; sourceTree = "<group>"; };
		B1000000000000000000001F /* ReminderBenchmarkCases.swift */ = {isa = PBXFileReference; lastKnownFileType = sourcecode.swift; path = ReminderBenchmarkCases.swift; sourceTree = "<group>"; };
		B10000000000000000000020 /* ReminderBenchmarkView.swift */ = {isa = PBXFileReference; lastKnownFileType = sourcecode.swift; path = ReminderBenchmarkView.swift; sourceTree = "<group>"; };
		B10000000000000000000021 /* LocationModels.swift */ = {isa = PBXFileReference; lastKnownFileType = sourcecode.swift; path = LocationModels.swift; sourceTree = "<group>"; };
		B10000000000000000000022 /* MapLocationSearch.swift */ = {isa = PBXFileReference; lastKnownFileType = sourcecode.swift; path = MapLocationSearch.swift; sourceTree = "<group>"; };
		B10000000000000000000023 /* LocationContractChecks.swift */ = {isa = PBXFileReference; lastKnownFileType = sourcecode.swift; path = LocationContractChecks.swift; sourceTree = "<group>"; };
		B10000000000000000000025 /* LocalModelProbe.swift */ = {isa = PBXFileReference; lastKnownFileType = sourcecode.swift; path = LocalModelProbe.swift; sourceTree = "<group>"; };
		C10000000000000000000001 /* MyVoiceMemo.app */ = {isa = PBXFileReference; explicitFileType = wrapper.application; includeInIndex = 0; path = MyVoiceMemo.app; sourceTree = BUILT_PRODUCTS_DIR; };
		C10000000000000000000002 /* VoiceMemoWidgets.appex */ = {isa = PBXFileReference; explicitFileType = "wrapper.app-extension"; includeInIndex = 0; path = VoiceMemoWidgets.appex; sourceTree = BUILT_PRODUCTS_DIR; };
		B10000000000000000000026 /* RecordingSession.swift */ = {isa = PBXFileReference; lastKnownFileType = sourcecode.swift; path = RecordingSession.swift; sourceTree = "<group>"; };
		B10000000000000000000027 /* RecordingContractChecks.swift */ = {isa = PBXFileReference; lastKnownFileType = sourcecode.swift; path = RecordingContractChecks.swift; sourceTree = "<group>"; };
		B10000000000000000000028 /* AudioSessionController.swift */ = {isa = PBXFileReference; lastKnownFileType = sourcecode.swift; path = AudioSessionController.swift; sourceTree = "<group>"; };
		B10000000000000000000029 /* PlaybackContractChecks.swift */ = {isa = PBXFileReference; lastKnownFileType = sourcecode.swift; path = PlaybackContractChecks.swift; sourceTree = "<group>"; };
		B1000000000000000000002A /* JournalRepository.swift */ = {isa = PBXFileReference; lastKnownFileType = sourcecode.swift; path = JournalRepository.swift; sourceTree = "<group>"; };
		B1000000000000000000002B /* StorageContractChecks.swift */ = {isa = PBXFileReference; lastKnownFileType = sourcecode.swift; path = StorageContractChecks.swift; sourceTree = "<group>"; };
		B1000000000000000000002C /* AudioFinalizer.swift */ = {isa = PBXFileReference; lastKnownFileType = sourcecode.swift; path = AudioFinalizer.swift; sourceTree = "<group>"; };
		B1000000000000000000002D /* AudioFinalizationContractChecks.swift */ = {isa = PBXFileReference; lastKnownFileType = sourcecode.swift; path = AudioFinalizationContractChecks.swift; sourceTree = "<group>"; };
		B1000000000000000000002E /* EntryProcessing.swift */ = {isa = PBXFileReference; lastKnownFileType = sourcecode.swift; path = EntryProcessing.swift; sourceTree = "<group>"; };
		B1000000000000000000002F /* TranscriptionContractChecks.swift */ = {isa = PBXFileReference; lastKnownFileType = sourcecode.swift; path = TranscriptionContractChecks.swift; sourceTree = "<group>"; };
		B10000000000000000000030 /* ModelOutcomeContractChecks.swift */ = {isa = PBXFileReference; lastKnownFileType = sourcecode.swift; path = ModelOutcomeContractChecks.swift; sourceTree = "<group>"; };
		B10000000000000000000031 /* ProcessingWorkerContractChecks.swift */ = {isa = PBXFileReference; lastKnownFileType = sourcecode.swift; path = ProcessingWorkerContractChecks.swift; sourceTree = "<group>"; };
		B10000000000000000000032 /* ProcessingRepositoryContractChecks.swift */ = {isa = PBXFileReference; lastKnownFileType = sourcecode.swift; path = ProcessingRepositoryContractChecks.swift; sourceTree = "<group>"; };
		B10000000000000000000033 /* ServiceAdmission.swift */ = {isa = PBXFileReference; lastKnownFileType = sourcecode.swift; path = ServiceAdmission.swift; sourceTree = "<group>"; };
		B10000000000000000000034 /* ServiceAdmissionContractChecks.swift */ = {isa = PBXFileReference; lastKnownFileType = sourcecode.swift; path = ServiceAdmissionContractChecks.swift; sourceTree = "<group>"; };
		B10000000000000000000035 /* ProcessingReliabilityContractChecks.swift */ = {isa = PBXFileReference; lastKnownFileType = sourcecode.swift; path = ProcessingReliabilityContractChecks.swift; sourceTree = "<group>"; };
		B10000000000000000000036 /* ReminderSchedulingContractChecks.swift */ = {isa = PBXFileReference; lastKnownFileType = sourcecode.swift; path = ReminderSchedulingContractChecks.swift; sourceTree = "<group>"; };
		B10000000000000000000037 /* ReminderSourceRepositoryContractChecks.swift */ = {isa = PBXFileReference; lastKnownFileType = sourcecode.swift; path = ReminderSourceRepositoryContractChecks.swift; sourceTree = "<group>"; };
		B10000000000000000000038 /* ReminderActivityContractChecks.swift */ = {isa = PBXFileReference; lastKnownFileType = sourcecode.swift; path = ReminderActivityContractChecks.swift; sourceTree = "<group>"; };
		B10000000000000000000039 /* ICloudMirrorContractChecks.swift */ = {isa = PBXFileReference; lastKnownFileType = sourcecode.swift; path = ICloudMirrorContractChecks.swift; sourceTree = "<group>"; };
		B1000000000000000000003A /* ICloudStoreContractChecks.swift */ = {isa = PBXFileReference; lastKnownFileType = sourcecode.swift; path = ICloudStoreContractChecks.swift; sourceTree = "<group>"; };
		B1000000000000000000003B /* CloudState.swift */ = {isa = PBXFileReference; lastKnownFileType = sourcecode.swift; path = CloudState.swift; sourceTree = "<group>"; };
		B1000000000000000000003C /* ConfigurationRepository.swift */ = {isa = PBXFileReference; lastKnownFileType = sourcecode.swift; path = ConfigurationRepository.swift; sourceTree = "<group>"; };
		B1000000000000000000003D /* CloudServices.swift */ = {isa = PBXFileReference; lastKnownFileType = sourcecode.swift; path = CloudServices.swift; sourceTree = "<group>"; };
		B1000000000000000000003E /* CloudFileAccess.swift */ = {isa = PBXFileReference; lastKnownFileType = sourcecode.swift; path = CloudFileAccess.swift; sourceTree = "<group>"; };
		B1000000000000000000003F /* CloudProvider.swift */ = {isa = PBXFileReference; lastKnownFileType = sourcecode.swift; path = CloudProvider.swift; sourceTree = "<group>"; };
		B10000000000000000000040 /* CloudStateContractChecks.swift */ = {isa = PBXFileReference; lastKnownFileType = sourcecode.swift; path = CloudStateContractChecks.swift; sourceTree = "<group>"; };
		B10000000000000000000041 /* CloudFileAccessContractChecks.swift */ = {isa = PBXFileReference; lastKnownFileType = sourcecode.swift; path = CloudFileAccessContractChecks.swift; sourceTree = "<group>"; };
		B10000000000000000000042 /* ICloudProviderContractChecks.swift */ = {isa = PBXFileReference; lastKnownFileType = sourcecode.swift; path = ICloudProviderContractChecks.swift; sourceTree = "<group>"; };
		B10000000000000000000043 /* CloudStoreReliabilityContractChecks.swift */ = {isa = PBXFileReference; lastKnownFileType = sourcecode.swift; path = CloudStoreReliabilityContractChecks.swift; sourceTree = "<group>"; };
		B10000000000000000000044 /* WaveformCache.swift */ = {isa = PBXFileReference; lastKnownFileType = sourcecode.swift; path = WaveformCache.swift; sourceTree = "<group>"; };
		B10000000000000000000045 /* WaveformDecoderContractChecks.swift */ = {isa = PBXFileReference; lastKnownFileType = sourcecode.swift; path = WaveformDecoderContractChecks.swift; sourceTree = "<group>"; };
		B10000000000000000000046 /* PlaybackWaveformContractChecks.swift */ = {isa = PBXFileReference; lastKnownFileType = sourcecode.swift; path = PlaybackWaveformContractChecks.swift; sourceTree = "<group>"; };
		B10000000000000000000047 /* ModelContextBudget.swift */ = {isa = PBXFileReference; lastKnownFileType = sourcecode.swift; path = ModelContextBudget.swift; sourceTree = "<group>"; };
		B10000000000000000000048 /* ModelContextContractChecks.swift */ = {isa = PBXFileReference; lastKnownFileType = sourcecode.swift; path = ModelContextContractChecks.swift; sourceTree = "<group>"; };
		B10000000000000000000049 /* ReflectionContextContractChecks.swift */ = {isa = PBXFileReference; lastKnownFileType = sourcecode.swift; path = ReflectionContextContractChecks.swift; sourceTree = "<group>"; };
		B1000000000000000000004A /* ReminderContextContractChecks.swift */ = {isa = PBXFileReference; lastKnownFileType = sourcecode.swift; path = ReminderContextContractChecks.swift; sourceTree = "<group>"; };
		B1000000000000000000004B /* ReminderIdentity.swift */ = {isa = PBXFileReference; lastKnownFileType = sourcecode.swift; path = ReminderIdentity.swift; sourceTree = "<group>"; };
		B1000000000000000000004C /* ReminderIdentityContractChecks.swift */ = {isa = PBXFileReference; lastKnownFileType = sourcecode.swift; path = ReminderIdentityContractChecks.swift; sourceTree = "<group>"; };
		B1000000000000000000004D /* ReminderValidityContractChecks.swift */ = {isa = PBXFileReference; lastKnownFileType = sourcecode.swift; path = ReminderValidityContractChecks.swift; sourceTree = "<group>"; };
		B1000000000000000000004E /* ReminderExactTargetContractChecks.swift */ = {isa = PBXFileReference; lastKnownFileType = sourcecode.swift; path = ReminderExactTargetContractChecks.swift; sourceTree = "<group>"; };
		B1000000000000000000004F /* ReminderBackfillContractChecks.swift */ = {isa = PBXFileReference; lastKnownFileType = sourcecode.swift; path = ReminderBackfillContractChecks.swift; sourceTree = "<group>"; };
		B10000000000000000000050 /* ReminderDeliveryContractChecks.swift */ = {isa = PBXFileReference; lastKnownFileType = sourcecode.swift; path = ReminderDeliveryContractChecks.swift; sourceTree = "<group>"; };
		B10000000000000000000051 /* ReminderPresentationContractChecks.swift */ = {isa = PBXFileReference; lastKnownFileType = sourcecode.swift; path = ReminderPresentationContractChecks.swift; sourceTree = "<group>"; };
		B10000000000000000000053 /* RecordingPresentationContractChecks.swift */ = {isa = PBXFileReference; lastKnownFileType = sourcecode.swift; path = RecordingPresentationContractChecks.swift; sourceTree = "<group>"; };
		B10000000000000000000052 /* RecordingActivityContractChecks.swift */ = {isa = PBXFileReference; lastKnownFileType = sourcecode.swift; path = RecordingActivityContractChecks.swift; sourceTree = "<group>"; };
/* End PBXFileReference section */

/* Begin PBXFrameworksBuildPhase section */
		D10000000000000000000001 /* Frameworks */ = {
			isa = PBXFrameworksBuildPhase;
			buildActionMask = 2147483647;
			files = (
			);
			runOnlyForDeploymentPostprocessing = 0;
		};
		D10000000000000000000002 /* Frameworks */ = {
			isa = PBXFrameworksBuildPhase;
			buildActionMask = 2147483647;
			files = (
			);
			runOnlyForDeploymentPostprocessing = 0;
		};
/* End PBXFrameworksBuildPhase section */

/* Begin PBXGroup section */
		E10000000000000000000001 = {
			isa = PBXGroup;
			children = (
				E10000000000000000000002 /* Sources */,
				E10000000000000000000003 /* Resources */,
				E10000000000000000000005 /* Shared */,
				E10000000000000000000006 /* VoiceMemoWidgets */,
				E10000000000000000000004 /* Products */,
			);
			sourceTree = "<group>";
		};
		E10000000000000000000002 /* Sources */ = {
			isa = PBXGroup;
			children = (
				B10000000000000000000001 /* VoiceMemoApp.swift */,
				B10000000000000000000002 /* JournalModels.swift */,
				B10000000000000000000021 /* LocationModels.swift */,
				B10000000000000000000023 /* LocationContractChecks.swift */,
				B10000000000000000000025 /* LocalModelProbe.swift */,
				B10000000000000000000029 /* PlaybackContractChecks.swift */,
				B1000000000000000000002B /* StorageContractChecks.swift */,
				B1000000000000000000002D /* AudioFinalizationContractChecks.swift */,
				B10000000000000000000033 /* ServiceAdmission.swift */,
				B10000000000000000000034 /* ServiceAdmissionContractChecks.swift */,
				B10000000000000000000036 /* ReminderSchedulingContractChecks.swift */,
				B10000000000000000000037 /* ReminderSourceRepositoryContractChecks.swift */,
				B10000000000000000000038 /* ReminderActivityContractChecks.swift */,
				B1000000000000000000003A /* ICloudStoreContractChecks.swift */,
				B10000000000000000000043 /* CloudStoreReliabilityContractChecks.swift */,
				B10000000000000000000044 /* WaveformCache.swift */,
				B10000000000000000000045 /* WaveformDecoderContractChecks.swift */,
				B10000000000000000000046 /* PlaybackWaveformContractChecks.swift */,
				B10000000000000000000042 /* ICloudProviderContractChecks.swift */,
				B10000000000000000000041 /* CloudFileAccessContractChecks.swift */,
				B10000000000000000000040 /* CloudStateContractChecks.swift */,
				B1000000000000000000003F /* CloudProvider.swift */,
				B1000000000000000000003E /* CloudFileAccess.swift */,
				B1000000000000000000003D /* CloudServices.swift */,
				B1000000000000000000003C /* ConfigurationRepository.swift */,
				B1000000000000000000003B /* CloudState.swift */,
				B10000000000000000000039 /* ICloudMirrorContractChecks.swift */,
				B10000000000000000000035 /* ProcessingReliabilityContractChecks.swift */,
				B10000000000000000000032 /* ProcessingRepositoryContractChecks.swift */,
				B10000000000000000000031 /* ProcessingWorkerContractChecks.swift */,
				B10000000000000000000030 /* ModelOutcomeContractChecks.swift */,
				B1000000000000000000002F /* TranscriptionContractChecks.swift */,
				B1000000000000000000002E /* EntryProcessing.swift */,
				B1000000000000000000002C /* AudioFinalizer.swift */,
				B1000000000000000000002A /* JournalRepository.swift */,
				B10000000000000000000028 /* AudioSessionController.swift */,
				B10000000000000000000027 /* RecordingContractChecks.swift */,
				B10000000000000000000026 /* RecordingSession.swift */,
				B10000000000000000000003 /* JournalStore.swift */,
				B10000000000000000000018 /* CalendarSync.swift */,
				B10000000000000000000019 /* ReminderModels.swift */,
				B1000000000000000000001A /* ReminderEngine.swift */,
				B1000000000000000000001E /* ReminderBenchmark.swift */,
				B1000000000000000000001F /* ReminderBenchmarkCases.swift */,
				B10000000000000000000020 /* ReminderBenchmarkView.swift */,
				B10000000000000000000015 /* ICloudDriveMirror.swift */,
				B10000000000000000000004 /* ReflectionEngine.swift */,
				B1000000000000000000004B /* ReminderIdentity.swift */,
				B1000000000000000000004C /* ReminderIdentityContractChecks.swift */,
				B1000000000000000000004D /* ReminderValidityContractChecks.swift */,
				B1000000000000000000004E /* ReminderExactTargetContractChecks.swift */,
				B1000000000000000000004F /* ReminderBackfillContractChecks.swift */,
				B10000000000000000000050 /* ReminderDeliveryContractChecks.swift */,
				B10000000000000000000051 /* ReminderPresentationContractChecks.swift */,
				B10000000000000000000053 /* RecordingPresentationContractChecks.swift */,
				B10000000000000000000052 /* RecordingActivityContractChecks.swift */,
				B1000000000000000000004A /* ReminderContextContractChecks.swift */,
				B10000000000000000000049 /* ReflectionContextContractChecks.swift */,
				B10000000000000000000048 /* ModelContextContractChecks.swift */,
				B10000000000000000000047 /* ModelContextBudget.swift */,
				B10000000000000000000005 /* AudioRecorder.swift */,
				B10000000000000000000017 /* AudioPlayback.swift */,
				B10000000000000000000006 /* Components.swift */,
				B10000000000000000000007 /* RootView.swift */,
				B10000000000000000000008 /* JournalView.swift */,
				B10000000000000000000009 /* RecordView.swift */,
				B1000000000000000000000A /* EntryView.swift */,
				B1000000000000000000001B /* ReminderFeedbackView.swift */,
				B1000000000000000000000B /* ReviewView.swift */,
				B1000000000000000000000C /* SettingsView.swift */,
				B1000000000000000000000F /* RecordingActivityManager.swift */,
				B1000000000000000000001C /* ReminderActivityManager.swift */,
				B10000000000000000000014 /* EntryLocationCapture.swift */,
				B10000000000000000000022 /* MapLocationSearch.swift */,
			);
			name = Sources;
			path = Sources/App;
			sourceTree = "<group>";
		};
		E10000000000000000000003 /* Resources */ = {
			isa = PBXGroup;
			children = (
				B1000000000000000000000D /* Info.plist */,
				B10000000000000000000016 /* MyVoiceMemo.entitlements */,
				B10000000000000000000013 /* PrivacyInfo.xcprivacy */,
				B1000000000000000000000E /* Assets.xcassets */,
			);
			path = Resources;
			sourceTree = "<group>";
		};
		E10000000000000000000004 /* Products */ = {
			isa = PBXGroup;
			children = (
				C10000000000000000000001 /* MyVoiceMemo.app */,
				C10000000000000000000002 /* VoiceMemoWidgets.appex */,
			);
			name = Products;
			sourceTree = "<group>";
		};
		E10000000000000000000005 /* Shared */ = {
			isa = PBXGroup;
			children = (
				B10000000000000000000010 /* RecordingActivityAttributes.swift */,
				B1000000000000000000001D /* ReminderActivityAttributes.swift */,
			);
			path = Shared;
			sourceTree = "<group>";
		};
		E10000000000000000000006 /* VoiceMemoWidgets */ = {
			isa = PBXGroup;
			children = (
				B10000000000000000000011 /* VoiceMemoWidgets.swift */,
				B10000000000000000000012 /* Info.plist */,
			);
			path = VoiceMemoWidgets;
			sourceTree = "<group>";
		};
/* End PBXGroup section */

/* Begin PBXNativeTarget section */
		F10000000000000000000001 /* VoiceMemo */ = {
			isa = PBXNativeTarget;
			buildConfigurationList = G10000000000000000000002 /* Build configuration list for PBXNativeTarget "VoiceMemo" */;
			buildPhases = (
				O10000000000000000000001 /* Check Design Rules */,
				H10000000000000000000001 /* Sources */,
				D10000000000000000000001 /* Frameworks */,
				I10000000000000000000001 /* Resources */,
				O10000000000000000000002 /* Copy Local Secrets */,
				M10000000000000000000001 /* Embed App Extensions */,
			);
			buildRules = (
			);
			dependencies = (
				N10000000000000000000001 /* PBXTargetDependency */,
			);
			name = VoiceMemo;
			productName = VoiceMemo;
			productReference = C10000000000000000000001 /* MyVoiceMemo.app */;
			productType = "com.apple.product-type.application";
		};
		F10000000000000000000002 /* VoiceMemoWidgets */ = {
			isa = PBXNativeTarget;
			buildConfigurationList = G10000000000000000000003 /* Build configuration list for PBXNativeTarget "VoiceMemoWidgets" */;
			buildPhases = (
				H10000000000000000000002 /* Sources */,
				D10000000000000000000002 /* Frameworks */,
			);
			buildRules = (
			);
			dependencies = (
			);
			name = VoiceMemoWidgets;
			productName = VoiceMemoWidgets;
			productReference = C10000000000000000000002 /* VoiceMemoWidgets.appex */;
			productType = "com.apple.product-type.app-extension";
		};
/* End PBXNativeTarget section */

/* Begin PBXProject section */
		J10000000000000000000001 /* Project object */ = {
			isa = PBXProject;
			attributes = {
				BuildIndependentTargetsInParallel = 1;
				LastSwiftUpdateCheck = 2650;
				LastUpgradeCheck = 2650;
				TargetAttributes = {
					F10000000000000000000001 = {
						CreatedOnToolsVersion = 26.5;
						SystemCapabilities = {
							com.apple.iCloud = {
								enabled = 1;
							};
						};
					};
					F10000000000000000000002 = {
						CreatedOnToolsVersion = 26.5;
					};
				};
			};
			buildConfigurationList = G10000000000000000000001 /* Build configuration list for PBXProject "VoiceMemo" */;
			compatibilityVersion = "Xcode 14.0";
			developmentRegion = en;
			hasScannedForEncodings = 0;
			knownRegions = (
				en,
				Base,
			);
			mainGroup = E10000000000000000000001;
			productRefGroup = E10000000000000000000004 /* Products */;
			projectDirPath = "";
			projectRoot = "";
			targets = (
				F10000000000000000000001 /* VoiceMemo */,
				F10000000000000000000002 /* VoiceMemoWidgets */,
			);
		};
/* End PBXProject section */

/* Begin PBXResourcesBuildPhase section */
		I10000000000000000000001 /* Resources */ = {
			isa = PBXResourcesBuildPhase;
			buildActionMask = 2147483647;
			files = (
				A1000000000000000000000D /* Assets.xcassets in Resources */,
				A10000000000000000000013 /* PrivacyInfo.xcprivacy in Resources */,
			);
			runOnlyForDeploymentPostprocessing = 0;
		};
/* End PBXResourcesBuildPhase section */

/* Begin PBXShellScriptBuildPhase section */
		O10000000000000000000001 /* Check Design Rules */ = {
			isa = PBXShellScriptBuildPhase;
			alwaysOutOfDate = 1;
			buildActionMask = 2147483647;
			files = (
			);
			inputFileListPaths = (
			);
			inputPaths = (
				"$(SRCROOT)/FEATURES.md",
				"$(SRCROOT)/Scripts/check-design-rules.sh",
				"$(SRCROOT)/Shared",
				"$(SRCROOT)/Sources/App",
				"$(SRCROOT)/VoiceMemoWidgets",
			);
			name = "Check Design Rules";
			outputFileListPaths = (
			);
			outputPaths = (
			);
			runOnlyForDeploymentPostprocessing = 0;
			shellPath = /bin/sh;
			shellScript = "/bin/sh \"$SRCROOT/Scripts/check-design-rules.sh\"";
		};
		O10000000000000000000002 /* Copy Local Secrets */ = {
			isa = PBXShellScriptBuildPhase;
			alwaysOutOfDate = 1;
			buildActionMask = 2147483647;
			files = (
			);
			inputFileListPaths = (
			);
			inputPaths = (
			);
			name = "Copy Local Secrets";
			outputFileListPaths = (
			);
			outputPaths = (
				"$(TARGET_BUILD_DIR)/$(UNLOCALIZED_RESOURCES_FOLDER_PATH)/LocalSecrets.xcconfig",
			);
			runOnlyForDeploymentPostprocessing = 0;
			shellPath = /bin/sh;
			shellScript = "/bin/sh \"$SRCROOT/Scripts/copy-local-secrets.sh\"";
		};
/* End PBXShellScriptBuildPhase section */

/* Begin PBXSourcesBuildPhase section */
		H10000000000000000000001 /* Sources */ = {
			isa = PBXSourcesBuildPhase;
			buildActionMask = 2147483647;
			files = (
				A10000000000000000000001 /* VoiceMemoApp.swift in Sources */,
				A10000000000000000000002 /* JournalModels.swift in Sources */,
				A10000000000000000000021 /* LocationModels.swift in Sources */,
				A10000000000000000000023 /* LocationContractChecks.swift in Sources */,
				A10000000000000000000025 /* LocalModelProbe.swift in Sources */,
				A10000000000000000000029 /* PlaybackContractChecks.swift in Sources */,
				A1000000000000000000002B /* StorageContractChecks.swift in Sources */,
				A1000000000000000000002D /* AudioFinalizationContractChecks.swift in Sources */,
				A10000000000000000000033 /* ServiceAdmission.swift in Sources */,
				A10000000000000000000034 /* ServiceAdmissionContractChecks.swift in Sources */,
				A10000000000000000000036 /* ReminderSchedulingContractChecks.swift in Sources */,
				A10000000000000000000037 /* ReminderSourceRepositoryContractChecks.swift in Sources */,
				A10000000000000000000038 /* ReminderActivityContractChecks.swift in Sources */,
				A1000000000000000000003A /* ICloudStoreContractChecks.swift in Sources */,
				A10000000000000000000043 /* CloudStoreReliabilityContractChecks.swift in Sources */,
				A10000000000000000000044 /* WaveformCache.swift in Sources */,
				A10000000000000000000045 /* WaveformDecoderContractChecks.swift in Sources */,
				A10000000000000000000046 /* PlaybackWaveformContractChecks.swift in Sources */,
				A10000000000000000000042 /* ICloudProviderContractChecks.swift in Sources */,
				A10000000000000000000041 /* CloudFileAccessContractChecks.swift in Sources */,
				A10000000000000000000040 /* CloudStateContractChecks.swift in Sources */,
				A1000000000000000000003F /* CloudProvider.swift in Sources */,
				A1000000000000000000003E /* CloudFileAccess.swift in Sources */,
				A1000000000000000000003D /* CloudServices.swift in Sources */,
				A1000000000000000000003C /* ConfigurationRepository.swift in Sources */,
				A1000000000000000000003B /* CloudState.swift in Sources */,
				A10000000000000000000039 /* ICloudMirrorContractChecks.swift in Sources */,
				A10000000000000000000035 /* ProcessingReliabilityContractChecks.swift in Sources */,
				A10000000000000000000032 /* ProcessingRepositoryContractChecks.swift in Sources */,
				A10000000000000000000031 /* ProcessingWorkerContractChecks.swift in Sources */,
				A10000000000000000000030 /* ModelOutcomeContractChecks.swift in Sources */,
				A1000000000000000000002F /* TranscriptionContractChecks.swift in Sources */,
				A1000000000000000000002E /* EntryProcessing.swift in Sources */,
				A1000000000000000000002C /* AudioFinalizer.swift in Sources */,
				A1000000000000000000002A /* JournalRepository.swift in Sources */,
				A10000000000000000000028 /* AudioSessionController.swift in Sources */,
				A10000000000000000000027 /* RecordingContractChecks.swift in Sources */,
				A10000000000000000000026 /* RecordingSession.swift in Sources */,
				A10000000000000000000003 /* JournalStore.swift in Sources */,
				A10000000000000000000017 /* CalendarSync.swift in Sources */,
				A10000000000000000000018 /* ReminderModels.swift in Sources */,
				A10000000000000000000019 /* ReminderEngine.swift in Sources */,
				A1000000000000000000001E /* ReminderBenchmark.swift in Sources */,
				A1000000000000000000001F /* ReminderBenchmarkCases.swift in Sources */,
				A10000000000000000000020 /* ReminderBenchmarkView.swift in Sources */,
				A10000000000000000000015 /* ICloudDriveMirror.swift in Sources */,
				A10000000000000000000016 /* AudioPlayback.swift in Sources */,
				A10000000000000000000004 /* ReflectionEngine.swift in Sources */,
				A1000000000000000000004B /* ReminderIdentity.swift in Sources */,
				A1000000000000000000004C /* ReminderIdentityContractChecks.swift in Sources */,
				A1000000000000000000004D /* ReminderValidityContractChecks.swift in Sources */,
				A1000000000000000000004E /* ReminderExactTargetContractChecks.swift in Sources */,
				A1000000000000000000004F /* ReminderBackfillContractChecks.swift in Sources */,
				A10000000000000000000050 /* ReminderDeliveryContractChecks.swift in Sources */,
				A10000000000000000000051 /* ReminderPresentationContractChecks.swift in Sources */,
				A10000000000000000000053 /* RecordingPresentationContractChecks.swift in Sources */,
				A10000000000000000000052 /* RecordingActivityContractChecks.swift in Sources */,
				A1000000000000000000004A /* ReminderContextContractChecks.swift in Sources */,
				A10000000000000000000049 /* ReflectionContextContractChecks.swift in Sources */,
				A10000000000000000000048 /* ModelContextContractChecks.swift in Sources */,
				A10000000000000000000047 /* ModelContextBudget.swift in Sources */,
				A10000000000000000000005 /* AudioRecorder.swift in Sources */,
				A10000000000000000000006 /* Components.swift in Sources */,
				A10000000000000000000007 /* RootView.swift in Sources */,
				A10000000000000000000008 /* JournalView.swift in Sources */,
				A10000000000000000000009 /* RecordView.swift in Sources */,
				A1000000000000000000000A /* EntryView.swift in Sources */,
				A1000000000000000000001A /* ReminderFeedbackView.swift in Sources */,
				A1000000000000000000000B /* ReviewView.swift in Sources */,
				A1000000000000000000000C /* SettingsView.swift in Sources */,
				A1000000000000000000000E /* RecordingActivityManager.swift in Sources */,
				A1000000000000000000001B /* ReminderActivityManager.swift in Sources */,
				A10000000000000000000014 /* EntryLocationCapture.swift in Sources */,
				A10000000000000000000022 /* MapLocationSearch.swift in Sources */,
				A1000000000000000000000F /* RecordingActivityAttributes.swift in Sources */,
				A1000000000000000000001C /* ReminderActivityAttributes.swift in Sources */,
			);
			runOnlyForDeploymentPostprocessing = 0;
		};
		H10000000000000000000002 /* Sources */ = {
			isa = PBXSourcesBuildPhase;
			buildActionMask = 2147483647;
			files = (
				A10000000000000000000010 /* VoiceMemoWidgets.swift in Sources */,
				A10000000000000000000011 /* RecordingActivityAttributes.swift in Sources */,
				A1000000000000000000001D /* ReminderActivityAttributes.swift in Sources */,
			);
			runOnlyForDeploymentPostprocessing = 0;
		};
/* End PBXSourcesBuildPhase section */

/* Begin PBXTargetDependency section */
		N10000000000000000000001 /* PBXTargetDependency */ = {
			isa = PBXTargetDependency;
			target = F10000000000000000000002 /* VoiceMemoWidgets */;
			targetProxy = L10000000000000000000001 /* PBXContainerItemProxy */;
		};
/* End PBXTargetDependency section */

/* Begin XCBuildConfiguration section */
		K10000000000000000000001 /* Debug */ = {
			isa = XCBuildConfiguration;
			buildSettings = {
				ALWAYS_SEARCH_USER_PATHS = NO;
				CLANG_ENABLE_MODULES = YES;
				CLANG_ENABLE_OBJC_ARC = YES;
				COPY_PHASE_STRIP = NO;
				DEBUG_INFORMATION_FORMAT = dwarf;
				ENABLE_TESTABILITY = YES;
				GCC_C_LANGUAGE_STANDARD = gnu17;
				GCC_OPTIMIZATION_LEVEL = 0;
				ONLY_ACTIVE_ARCH = YES;
				SWIFT_ACTIVE_COMPILATION_CONDITIONS = DEBUG;
				SWIFT_OPTIMIZATION_LEVEL = "-Onone";
			};
			name = Debug;
		};
		K10000000000000000000002 /* Release */ = {
			isa = XCBuildConfiguration;
			buildSettings = {
				ALWAYS_SEARCH_USER_PATHS = NO;
				CLANG_ENABLE_MODULES = YES;
				CLANG_ENABLE_OBJC_ARC = YES;
				COPY_PHASE_STRIP = NO;
				DEBUG_INFORMATION_FORMAT = "dwarf-with-dsym";
				GCC_C_LANGUAGE_STANDARD = gnu17;
				SWIFT_COMPILATION_MODE = wholemodule;
				SWIFT_OPTIMIZATION_LEVEL = "-O";
			};
			name = Release;
		};
		K10000000000000000000003 /* Debug */ = {
			isa = XCBuildConfiguration;
			buildSettings = {
				ASSETCATALOG_COMPILER_ACCENT_COLOR_NAME = AccentColor;
				ASSETCATALOG_COMPILER_APPICON_NAME = AppIcon;
				CODE_SIGN_ENTITLEMENTS = Resources/MyVoiceMemo.entitlements;
				CODE_SIGN_STYLE = Automatic;
				CURRENT_PROJECT_VERSION = 1;
				DEVELOPMENT_TEAM = FNYFHG5SV7;
				GENERATE_INFOPLIST_FILE = NO;
				INFOPLIST_FILE = Resources/Info.plist;
				IPHONEOS_DEPLOYMENT_TARGET = 26.0;
				LD_RUNPATH_SEARCH_PATHS = "$(inherited) @executable_path/Frameworks";
				MARKETING_VERSION = 1.0;
				PRODUCT_BUNDLE_IDENTIFIER = com.stefan.myvoicememo;
				PRODUCT_NAME = MyVoiceMemo;
				SUPPORTED_PLATFORMS = "iphoneos iphonesimulator";
				SUPPORTS_MACCATALYST = NO;
				SWIFT_EMIT_LOC_STRINGS = YES;
				SWIFT_STRICT_CONCURRENCY = complete;
				SWIFT_VERSION = 6.0;
				TARGETED_DEVICE_FAMILY = 1;
			};
			name = Debug;
		};
		K10000000000000000000004 /* Release */ = {
			isa = XCBuildConfiguration;
			buildSettings = {
				ASSETCATALOG_COMPILER_ACCENT_COLOR_NAME = AccentColor;
				ASSETCATALOG_COMPILER_APPICON_NAME = AppIcon;
				CODE_SIGN_ENTITLEMENTS = Resources/MyVoiceMemo.entitlements;
				CODE_SIGN_STYLE = Automatic;
				CURRENT_PROJECT_VERSION = 1;
				DEVELOPMENT_TEAM = FNYFHG5SV7;
				GENERATE_INFOPLIST_FILE = NO;
				INFOPLIST_FILE = Resources/Info.plist;
				IPHONEOS_DEPLOYMENT_TARGET = 26.0;
				LD_RUNPATH_SEARCH_PATHS = "$(inherited) @executable_path/Frameworks";
				MARKETING_VERSION = 1.0;
				PRODUCT_BUNDLE_IDENTIFIER = com.stefan.myvoicememo;
				PRODUCT_NAME = MyVoiceMemo;
				SUPPORTED_PLATFORMS = "iphoneos iphonesimulator";
				SUPPORTS_MACCATALYST = NO;
				SWIFT_EMIT_LOC_STRINGS = YES;
				SWIFT_STRICT_CONCURRENCY = complete;
				SWIFT_VERSION = 6.0;
				TARGETED_DEVICE_FAMILY = 1;
			};
			name = Release;
		};
		K10000000000000000000005 /* Debug */ = {
			isa = XCBuildConfiguration;
			buildSettings = {
				APPLICATION_EXTENSION_API_ONLY = YES;
				CODE_SIGN_STYLE = Automatic;
				CURRENT_PROJECT_VERSION = 1;
				DEVELOPMENT_TEAM = FNYFHG5SV7;
				GENERATE_INFOPLIST_FILE = NO;
				INFOPLIST_FILE = VoiceMemoWidgets/Info.plist;
				IPHONEOS_DEPLOYMENT_TARGET = 26.0;
				LD_RUNPATH_SEARCH_PATHS = "$(inherited) @executable_path/Frameworks @executable_path/../../Frameworks";
				MARKETING_VERSION = 1.0;
				PRODUCT_BUNDLE_IDENTIFIER = com.stefan.myvoicememo.widgets;
				PRODUCT_NAME = "$(TARGET_NAME)";
				SKIP_INSTALL = YES;
				SUPPORTED_PLATFORMS = "iphoneos iphonesimulator";
				SWIFT_EMIT_LOC_STRINGS = YES;
				SWIFT_STRICT_CONCURRENCY = complete;
				SWIFT_VERSION = 6.0;
				TARGETED_DEVICE_FAMILY = 1;
			};
			name = Debug;
		};
		K10000000000000000000006 /* Release */ = {
			isa = XCBuildConfiguration;
			buildSettings = {
				APPLICATION_EXTENSION_API_ONLY = YES;
				CODE_SIGN_STYLE = Automatic;
				CURRENT_PROJECT_VERSION = 1;
				DEVELOPMENT_TEAM = FNYFHG5SV7;
				GENERATE_INFOPLIST_FILE = NO;
				INFOPLIST_FILE = VoiceMemoWidgets/Info.plist;
				IPHONEOS_DEPLOYMENT_TARGET = 26.0;
				LD_RUNPATH_SEARCH_PATHS = "$(inherited) @executable_path/Frameworks @executable_path/../../Frameworks";
				MARKETING_VERSION = 1.0;
				PRODUCT_BUNDLE_IDENTIFIER = com.stefan.myvoicememo.widgets;
				PRODUCT_NAME = "$(TARGET_NAME)";
				SKIP_INSTALL = YES;
				SUPPORTED_PLATFORMS = "iphoneos iphonesimulator";
				SWIFT_EMIT_LOC_STRINGS = YES;
				SWIFT_STRICT_CONCURRENCY = complete;
				SWIFT_VERSION = 6.0;
				TARGETED_DEVICE_FAMILY = 1;
			};
			name = Release;
		};
/* End XCBuildConfiguration section */

/* Begin XCConfigurationList section */
		G10000000000000000000001 /* Build configuration list for PBXProject "VoiceMemo" */ = {
			isa = XCConfigurationList;
			buildConfigurations = (
				K10000000000000000000001 /* Debug */,
				K10000000000000000000002 /* Release */,
			);
			defaultConfigurationIsVisible = 0;
			defaultConfigurationName = Release;
		};
		G10000000000000000000002 /* Build configuration list for PBXNativeTarget "VoiceMemo" */ = {
			isa = XCConfigurationList;
			buildConfigurations = (
				K10000000000000000000003 /* Debug */,
				K10000000000000000000004 /* Release */,
			);
			defaultConfigurationIsVisible = 0;
			defaultConfigurationName = Release;
		};
		G10000000000000000000003 /* Build configuration list for PBXNativeTarget "VoiceMemoWidgets" */ = {
			isa = XCConfigurationList;
			buildConfigurations = (
				K10000000000000000000005 /* Debug */,
				K10000000000000000000006 /* Release */,
			);
			defaultConfigurationIsVisible = 0;
			defaultConfigurationName = Release;
		};
/* End XCConfigurationList section */
	};
	rootObject = J10000000000000000000001 /* Project object */;
}
